{
  "originHash" : "354fd9541c88ae957ae9ec928055351f224d9ae0e3dea7b2a0dbb9c6e17d8ba8",
  "pins" : [
    {
      "identity" : "alamofire",
      "kind" : "remoteSourceControl",
      "location" : "https://github.com/Alamofire/Alamofire",
      "state" : {
        "revision" : "513364f870f6bfc468f9d2ff0a95caccc10044c5",
        "version" : "5.10.2"
      }
    },
    {
      "identity" : "caishen",
      "kind" : "remoteSourceControl",
      "location" : "https://github.com/makeitheady/Caishen.git",
      "state" : {
        "branch" : "convert-spm",
        "revision" : "c86ce20f591eccc6315fb77d5aebe4643d93e044"
      }
    },
    {
      "identity" : "genericvalidator",
      "kind" : "remoteSourceControl",
      "location" : "https://github.com/makeitheady/GenericValidator.git",
      "state" : {
        "branch" : "create-spm",
        "revision" : "ef048ed9372a5916683f0659cc68c88cff96efc2"
      }
    },
    {
      "identity" : "keychainaccess",
      "kind" : "remoteSourceControl",
      "location" : "https://github.com/kishikawakatsumi/KeychainAccess",
      "state" : {
        "revision" : "84e546727d66f1adc5439debad16270d0fdd04e7",
        "version" : "4.2.2"
      }
    },
    {
      "identity" : "optik",
      "kind" : "remoteSourceControl",
      "location" : "https://github.com/makeitheady/Optik.git",
      "state" : {
        "branch" : "create-spm",
        "revision" : "a4ddfeccced4111a53f62b7d799f7a5979d10a34"
      }
    },
    {
      "identity" : "pcf-swift",
      "kind" : "remoteSourceControl",
      "location" : "https://github.com/makeitheady/pcf-swift.git",
      "state" : {
        "branch" : "create-spm",
        "revision" : "12343ed04495096b6b1b5895c6cd806f08ec8e67"
      }
    },
    {
      "identity" : "svprogresshud",
      "kind" : "remoteSourceControl",
      "location" : "https://github.com/SVProgressHUD/SVProgressHUD",
      "state" : {
        "revision" : "c33f7c775ba7feea6047a1fc3257f2e5863b44f7",
        "version" : "2.3.1"
      }
    }
  ],
  "version" : 3
}
